
Microsoft Visual Studio Solution File, Format Version 12.00
# Visual Studio Version 17
VisualStudioVersion = 17.6.33801.468
MinimumVisualStudioVersion = 10.0.40219.1
Project("{FAE04EC0-301F-11D3-BF4B-00C04F79EFBC}") = "moon_phases", "moon_phases\moon_phases.csproj", "{0F6D18B3-357E-4B0A-A1D9-11B1361EA02C}"
EndProject
Global
	GlobalSection(SolutionConfigurationPlatforms) = preSolution
		Debug|Any CPU = Debug|Any CPU
		Release|Any CPU = Release|Any CPU
	EndGlobalSection
	GlobalSection(ProjectConfigurationPlatforms) = postSolution
		{0F6D18B3-357E-4B0A-A1D9-11B1361EA02C}.Debug|Any CPU.ActiveCfg = Debug|Any CPU
		{0F6D18B3-357E-4B0A-A1D9-11B1361EA02C}.Debug|Any CPU.Build.0 = Debug|Any CPU
		{0F6D18B3-357E-4B0A-A1D9-11B1361EA02C}.Release|Any CPU.ActiveCfg = Release|Any CPU
		{0F6D18B3-357E-4B0A-A1D9-11B1361EA02C}.Release|Any CPU.Build.0 = Release|Any CPU
	EndGlobalSection
	GlobalSection(SolutionProperties) = preSolution
		HideSolutionNode = FALSE
	EndGlobalSection
	GlobalSection(ExtensibilityGlobals) = postSolution
		SolutionGuid = {D1D02429-D3B2-4782-9E6B-21C949718E27}
	EndGlobalSection
EndGlobal
